
Microsoft Visual Studio Solution File, Format Version 12.00
# Visual Studio Version 17
VisualStudioVersion = 17.3.32929.385
MinimumVisualStudioVersion = 10.0.40219.1
Project("{9A19103F-16F7-4668-BE54-9A1E7A4F7556}") = "Lab1_Greeting", "Lab1_Greeting\Lab1_Greeting.csproj", "{4A570A99-093D-4A0E-86CC-2DF8031A2FC5}"
EndProject
Project("{9A19103F-16F7-4668-BE54-9A1E7A4F7556}") = "Lab1_Divider", "Lab1_Divider\Lab1_Divider.csproj", "{F58E6C86-3592-4829-8AF4-8A0113DA7DA8}"
EndProject
Project("{9A19103F-16F7-4668-BE54-9A1E7A4F7556}") = "Lab2_BankAccount", "Lab2_BankAccount\Lab2_BankAccount.csproj", "{5FCA7C63-6E82-429D-BA27-E8599BDEB9A1}"
EndProject
Project("{9A19103F-16F7-4668-BE54-9A1E7A4F7556}") = "Lab2_StructType", "Lab2_StructType\Lab2_StructType.csproj", "{ECB70BD7-2B02-4ECF-A7F1-D4B20ED06A4B}"
EndProject
Project("{9A19103F-16F7-4668-BE54-9A1E7A4F7556}") = "Lab3_1", "Lab3_1\Lab3_1.csproj", "{560A3DDF-980E-495E-8768-0CEEA3928C90}"
EndProject
Project("{9A19103F-16F7-4668-BE54-9A1E7A4F7556}") = "Lab3_2", "Lab3_2\Lab3_2.csproj", "{63C3750E-E8BF-4712-9878-C9ECF45DF85A}"
EndProject
Project("{9A19103F-16F7-4668-BE54-9A1E7A4F7556}") = "Lab3_3", "Lab3_3\Lab3_3.csproj", "{62D63935-A621-4E1B-8601-9FA3CF977BCF}"
EndProject
Project("{9A19103F-16F7-4668-BE54-9A1E7A4F7556}") = "Lab4_1", "Lab4_1\Lab4_1.csproj", "{478252A7-BA77-4F1F-B3CA-5FB06D0FC5C0}"
EndProject
Project("{9A19103F-16F7-4668-BE54-9A1E7A4F7556}") = "Lab4_2", "Lab4_2\Lab4_2.csproj", "{BC2E2574-A7CD-4DA3-BE22-EEDAE4A5169F}"
EndProject
Project("{9A19103F-16F7-4668-BE54-9A1E7A4F7556}") = "Lab4_3", "Lab4_3\Lab4_3.csproj", "{72BD5B03-9F67-44A6-B009-EE0CF4002E13}"
EndProject
Project("{9A19103F-16F7-4668-BE54-9A1E7A4F7556}") = "Lab5_1", "Lab5_1\Lab5_1.csproj", "{043CD4A9-2D26-428F-85E0-1FA9E41F37FD}"
EndProject
Project("{9A19103F-16F7-4668-BE54-9A1E7A4F7556}") = "Lab5_2", "Lab5_2\Lab5_2.csproj", "{A02CE841-58AB-4B01-89E6-1888EDA0985B}"
EndProject
Project("{2150E333-8FDC-42A3-9474-1A3956D46DE8}") = "Lab1", "Lab1", "{6A8A9E0D-C766-47C3-ABDB-5A729CB1CFE5}"
EndProject
Project("{2150E333-8FDC-42A3-9474-1A3956D46DE8}") = "Lab2", "Lab2", "{75BF8A66-3BB3-4A6F-99BA-2F0022071865}"
EndProject
Project("{2150E333-8FDC-42A3-9474-1A3956D46DE8}") = "Lab3", "Lab3", "{7E286A6A-99CA-4951-BC45-8493CD65EDF3}"
EndProject
Project("{2150E333-8FDC-42A3-9474-1A3956D46DE8}") = "Lab4", "Lab4", "{A33BB758-142B-4DF6-BF34-4B98D7BDD8F2}"
EndProject
Project("{2150E333-8FDC-42A3-9474-1A3956D46DE8}") = "Lab5", "Lab5", "{32F214BC-A674-4E54-A5CA-C3633EF7F936}"
EndProject
Project("{2150E333-8FDC-42A3-9474-1A3956D46DE8}") = "Lab6", "Lab6", "{0D763BFB-F4FB-4E98-9855-E0D45AADCF14}"
EndProject
Project("{9A19103F-16F7-4668-BE54-9A1E7A4F7556}") = "Lab6_1", "Lab6_1\Lab6_1.csproj", "{C569F3B4-2170-42BF-8613-CDBE1282A516}"
EndProject
Project("{2150E333-8FDC-42A3-9474-1A3956D46DE8}") = "Done", "Done", "{0843447A-DBFD-4762-A6D8-63FDE91E95D3}"
EndProject
Project("{9A19103F-16F7-4668-BE54-9A1E7A4F7556}") = "Lab6_2", "Lab6_2\Lab6_2.csproj", "{92058D86-8268-4622-89F4-B3A98E60EED1}"
EndProject
Project("{9A19103F-16F7-4668-BE54-9A1E7A4F7556}") = "Lab6_3", "Lab6_3\Lab6_3.csproj", "{E64C5ED2-9EB6-4DB1-A988-225573D74838}"
EndProject
Project("{2150E333-8FDC-42A3-9474-1A3956D46DE8}") = "Lab7", "Lab7", "{F0FA3D28-ED30-4CDD-A767-A98080ADFD9F}"
EndProject
Project("{9A19103F-16F7-4668-BE54-9A1E7A4F7556}") = "Lab7_1", "Lab7_1\Lab7_1.csproj", "{F710FD78-04B3-42EE-92DF-F6CE9247D171}"
EndProject
Project("{9A19103F-16F7-4668-BE54-9A1E7A4F7556}") = "Lab7_2", "Lab7_2\Lab7_2.csproj", "{D90547A0-02A0-4DBB-93A8-68190BC61B2A}"
EndProject
Project("{9A19103F-16F7-4668-BE54-9A1E7A4F7556}") = "Lab7_3", "Lab7_3\Lab7_3.csproj", "{0AC36F4B-5207-4B6C-8E57-2D338CE30233}"
EndProject
Project("{9A19103F-16F7-4668-BE54-9A1E7A4F7556}") = "Lab7_4", "Lab7_4\Lab7_4.csproj", "{B7763274-C012-4574-924B-C63009A2688D}"
EndProject
Project("{9A19103F-16F7-4668-BE54-9A1E7A4F7556}") = "Lab7_5", "Lab7_5\Lab7_5.csproj", "{4770B5A6-D530-4557-92BF-4F96E6E8EE7B}"
EndProject
Project("{2150E333-8FDC-42A3-9474-1A3956D46DE8}") = "Lab8", "Lab8", "{36970C7B-C7E5-4C24-80A2-6702DAD22238}"
EndProject
Project("{9A19103F-16F7-4668-BE54-9A1E7A4F7556}") = "Lab8_1", "Lab8_1\Lab8_1.csproj", "{E597BE02-26F1-4864-BE3D-A57BC87F714C}"
EndProject
Project("{9A19103F-16F7-4668-BE54-9A1E7A4F7556}") = "Lab8_2", "Lab8_2\Lab8_2.csproj", "{3B57C035-720C-4B48-BD27-E3020936CC7A}"
EndProject
Project("{9A19103F-16F7-4668-BE54-9A1E7A4F7556}") = "Lab8_3", "Lab8_3\Lab8_3.csproj", "{2BFDAD70-9988-408D-9CF4-3692D061A230}"
EndProject
Project("{2150E333-8FDC-42A3-9474-1A3956D46DE8}") = "Lab10", "Lab10", "{42DF9908-8989-4D89-BB0A-2CD6E6888C7F}"
EndProject
Project("{9A19103F-16F7-4668-BE54-9A1E7A4F7556}") = "Lab10_1", "Lab10_1\Lab10_1.csproj", "{4E10E042-95E3-4814-A85E-8B822EFC74EE}"
EndProject
Project("{9A19103F-16F7-4668-BE54-9A1E7A4F7556}") = "Lab10_2", "Lab10_2\Lab10_2.csproj", "{39375BCF-B947-4D51-97E1-98F982AF3380}"
EndProject
Project("{9A19103F-16F7-4668-BE54-9A1E7A4F7556}") = "Lab10_3", "Lab10_3\Lab10_3.csproj", "{E7296A51-820F-44F5-AA51-A98978AF5829}"
EndProject
Project("{9A19103F-16F7-4668-BE54-9A1E7A4F7556}") = "Lab11_LINQ", "Lab11_LINQ\Lab11_LINQ.csproj", "{784338F4-2A14-4C44-868A-8597C124E156}"
EndProject
Project("{2150E333-8FDC-42A3-9474-1A3956D46DE8}") = "Lab11", "Lab11", "{EC55FA0A-33DF-4BF2-BA82-6521C80B5F4E}"
EndProject
Project("{9A19103F-16F7-4668-BE54-9A1E7A4F7556}") = "Lab11_LINQ_2", "Lab11_LINQ_2\Lab11_LINQ_2.csproj", "{60991F8C-BB3C-456B-8BD6-340C05132BE6}"
EndProject
Project("{9A19103F-16F7-4668-BE54-9A1E7A4F7556}") = "Lab11_LINQ_3", "Lab11_LINQ_3\Lab11_LINQ_3.csproj", "{2712D0CE-344C-47F2-B5C8-89E350D5D6CD}"
EndProject
Project("{2150E333-8FDC-42A3-9474-1A3956D46DE8}") = "Lab9", "Lab9", "{3C029F04-808A-4796-9250-4D93591D9B06}"
EndProject
Project("{2150E333-8FDC-42A3-9474-1A3956D46DE8}") = "Practiс1", "Practiс1", "{A6472B30-8097-43E2-9D46-2ACC2AE5C97D}"
EndProject
Project("{2150E333-8FDC-42A3-9474-1A3956D46DE8}") = "Practic2", "Practic2", "{15D39ADA-6376-447C-A88C-D4B0E74E2A46}"
EndProject
Project("{2150E333-8FDC-42A3-9474-1A3956D46DE8}") = "Practic3", "Practic3", "{13869C2B-A7A0-44AB-A19B-86C6C4F72FBA}"
EndProject
Project("{FAE04EC0-301F-11D3-BF4B-00C04F79EFBC}") = "Practic3", "Practic3\Practic3.csproj", "{F32AE0D5-8D4F-4B38-A878-C806539DEE6E}"
EndProject
Project("{FAE04EC0-301F-11D3-BF4B-00C04F79EFBC}") = "Practic1", "Practic1\Practic1.csproj", "{EAFF4B96-A17C-44CE-994D-BFF89F42D398}"
EndProject
Global
	GlobalSection(SolutionConfigurationPlatforms) = preSolution
		Debug|Any CPU = Debug|Any CPU
		Release|Any CPU = Release|Any CPU
	EndGlobalSection
	GlobalSection(ProjectConfigurationPlatforms) = postSolution
		{4A570A99-093D-4A0E-86CC-2DF8031A2FC5}.Debug|Any CPU.ActiveCfg = Debug|Any CPU
		{4A570A99-093D-4A0E-86CC-2DF8031A2FC5}.Debug|Any CPU.Build.0 = Debug|Any CPU
		{4A570A99-093D-4A0E-86CC-2DF8031A2FC5}.Release|Any CPU.ActiveCfg = Release|Any CPU
		{4A570A99-093D-4A0E-86CC-2DF8031A2FC5}.Release|Any CPU.Build.0 = Release|Any CPU
		{F58E6C86-3592-4829-8AF4-8A0113DA7DA8}.Debug|Any CPU.ActiveCfg = Debug|Any CPU
		{F58E6C86-3592-4829-8AF4-8A0113DA7DA8}.Debug|Any CPU.Build.0 = Debug|Any CPU
		{F58E6C86-3592-4829-8AF4-8A0113DA7DA8}.Release|Any CPU.ActiveCfg = Release|Any CPU
		{F58E6C86-3592-4829-8AF4-8A0113DA7DA8}.Release|Any CPU.Build.0 = Release|Any CPU
		{5FCA7C63-6E82-429D-BA27-E8599BDEB9A1}.Debug|Any CPU.ActiveCfg = Debug|Any CPU
		{5FCA7C63-6E82-429D-BA27-E8599BDEB9A1}.Debug|Any CPU.Build.0 = Debug|Any CPU
		{5FCA7C63-6E82-429D-BA27-E8599BDEB9A1}.Release|Any CPU.ActiveCfg = Release|Any CPU
		{5FCA7C63-6E82-429D-BA27-E8599BDEB9A1}.Release|Any CPU.Build.0 = Release|Any CPU
		{ECB70BD7-2B02-4ECF-A7F1-D4B20ED06A4B}.Debug|Any CPU.ActiveCfg = Debug|Any CPU
		{ECB70BD7-2B02-4ECF-A7F1-D4B20ED06A4B}.Debug|Any CPU.Build.0 = Debug|Any CPU
		{ECB70BD7-2B02-4ECF-A7F1-D4B20ED06A4B}.Release|Any CPU.ActiveCfg = Release|Any CPU
		{ECB70BD7-2B02-4ECF-A7F1-D4B20ED06A4B}.Release|Any CPU.Build.0 = Release|Any CPU
		{560A3DDF-980E-495E-8768-0CEEA3928C90}.Debug|Any CPU.ActiveCfg = Debug|Any CPU
		{560A3DDF-980E-495E-8768-0CEEA3928C90}.Debug|Any CPU.Build.0 = Debug|Any CPU
		{560A3DDF-980E-495E-8768-0CEEA3928C90}.Release|Any CPU.ActiveCfg = Release|Any CPU
		{560A3DDF-980E-495E-8768-0CEEA3928C90}.Release|Any CPU.Build.0 = Release|Any CPU
		{63C3750E-E8BF-4712-9878-C9ECF45DF85A}.Debug|Any CPU.ActiveCfg = Debug|Any CPU
		{63C3750E-E8BF-4712-9878-C9ECF45DF85A}.Debug|Any CPU.Build.0 = Debug|Any CPU
		{63C3750E-E8BF-4712-9878-C9ECF45DF85A}.Release|Any CPU.ActiveCfg = Release|Any CPU
		{63C3750E-E8BF-4712-9878-C9ECF45DF85A}.Release|Any CPU.Build.0 = Release|Any CPU
		{62D63935-A621-4E1B-8601-9FA3CF977BCF}.Debug|Any CPU.ActiveCfg = Debug|Any CPU
		{62D63935-A621-4E1B-8601-9FA3CF977BCF}.Debug|Any CPU.Build.0 = Debug|Any CPU
		{62D63935-A621-4E1B-8601-9FA3CF977BCF}.Release|Any CPU.ActiveCfg = Release|Any CPU
		{62D63935-A621-4E1B-8601-9FA3CF977BCF}.Release|Any CPU.Build.0 = Release|Any CPU
		{478252A7-BA77-4F1F-B3CA-5FB06D0FC5C0}.Debug|Any CPU.ActiveCfg = Debug|Any CPU
		{478252A7-BA77-4F1F-B3CA-5FB06D0FC5C0}.Debug|Any CPU.Build.0 = Debug|Any CPU
		{478252A7-BA77-4F1F-B3CA-5FB06D0FC5C0}.Release|Any CPU.ActiveCfg = Release|Any CPU
		{478252A7-BA77-4F1F-B3CA-5FB06D0FC5C0}.Release|Any CPU.Build.0 = Release|Any CPU
		{BC2E2574-A7CD-4DA3-BE22-EEDAE4A5169F}.Debug|Any CPU.ActiveCfg = Debug|Any CPU
		{BC2E2574-A7CD-4DA3-BE22-EEDAE4A5169F}.Debug|Any CPU.Build.0 = Debug|Any CPU
		{BC2E2574-A7CD-4DA3-BE22-EEDAE4A5169F}.Release|Any CPU.ActiveCfg = Release|Any CPU
		{BC2E2574-A7CD-4DA3-BE22-EEDAE4A5169F}.Release|Any CPU.Build.0 = Release|Any CPU
		{72BD5B03-9F67-44A6-B009-EE0CF4002E13}.Debug|Any CPU.ActiveCfg = Debug|Any CPU
		{72BD5B03-9F67-44A6-B009-EE0CF4002E13}.Debug|Any CPU.Build.0 = Debug|Any CPU
		{72BD5B03-9F67-44A6-B009-EE0CF4002E13}.Release|Any CPU.ActiveCfg = Release|Any CPU
		{72BD5B03-9F67-44A6-B009-EE0CF4002E13}.Release|Any CPU.Build.0 = Release|Any CPU
		{043CD4A9-2D26-428F-85E0-1FA9E41F37FD}.Debug|Any CPU.ActiveCfg = Debug|Any CPU
		{043CD4A9-2D26-428F-85E0-1FA9E41F37FD}.Debug|Any CPU.Build.0 = Debug|Any CPU
		{043CD4A9-2D26-428F-85E0-1FA9E41F37FD}.Release|Any CPU.ActiveCfg = Release|Any CPU
		{043CD4A9-2D26-428F-85E0-1FA9E41F37FD}.Release|Any CPU.Build.0 = Release|Any CPU
		{A02CE841-58AB-4B01-89E6-1888EDA0985B}.Debug|Any CPU.ActiveCfg = Debug|Any CPU
		{A02CE841-58AB-4B01-89E6-1888EDA0985B}.Debug|Any CPU.Build.0 = Debug|Any CPU
		{A02CE841-58AB-4B01-89E6-1888EDA0985B}.Release|Any CPU.ActiveCfg = Release|Any CPU
		{A02CE841-58AB-4B01-89E6-1888EDA0985B}.Release|Any CPU.Build.0 = Release|Any CPU
		{C569F3B4-2170-42BF-8613-CDBE1282A516}.Debug|Any CPU.ActiveCfg = Debug|Any CPU
		{C569F3B4-2170-42BF-8613-CDBE1282A516}.Debug|Any CPU.Build.0 = Debug|Any CPU
		{C569F3B4-2170-42BF-8613-CDBE1282A516}.Release|Any CPU.ActiveCfg = Release|Any CPU
		{C569F3B4-2170-42BF-8613-CDBE1282A516}.Release|Any CPU.Build.0 = Release|Any CPU
		{92058D86-8268-4622-89F4-B3A98E60EED1}.Debug|Any CPU.ActiveCfg = Debug|Any CPU
		{92058D86-8268-4622-89F4-B3A98E60EED1}.Debug|Any CPU.Build.0 = Debug|Any CPU
		{92058D86-8268-4622-89F4-B3A98E60EED1}.Release|Any CPU.ActiveCfg = Release|Any CPU
		{92058D86-8268-4622-89F4-B3A98E60EED1}.Release|Any CPU.Build.0 = Release|Any CPU
		{E64C5ED2-9EB6-4DB1-A988-225573D74838}.Debug|Any CPU.ActiveCfg = Debug|Any CPU
		{E64C5ED2-9EB6-4DB1-A988-225573D74838}.Debug|Any CPU.Build.0 = Debug|Any CPU
		{E64C5ED2-9EB6-4DB1-A988-225573D74838}.Release|Any CPU.ActiveCfg = Release|Any CPU
		{E64C5ED2-9EB6-4DB1-A988-225573D74838}.Release|Any CPU.Build.0 = Release|Any CPU
		{F710FD78-04B3-42EE-92DF-F6CE9247D171}.Debug|Any CPU.ActiveCfg = Debug|Any CPU
		{F710FD78-04B3-42EE-92DF-F6CE9247D171}.Debug|Any CPU.Build.0 = Debug|Any CPU
		{F710FD78-04B3-42EE-92DF-F6CE9247D171}.Release|Any CPU.ActiveCfg = Release|Any CPU
		{F710FD78-04B3-42EE-92DF-F6CE9247D171}.Release|Any CPU.Build.0 = Release|Any CPU
		{D90547A0-02A0-4DBB-93A8-68190BC61B2A}.Debug|Any CPU.ActiveCfg = Debug|Any CPU
		{D90547A0-02A0-4DBB-93A8-68190BC61B2A}.Debug|Any CPU.Build.0 = Debug|Any CPU
		{D90547A0-02A0-4DBB-93A8-68190BC61B2A}.Release|Any CPU.ActiveCfg = Release|Any CPU
		{D90547A0-02A0-4DBB-93A8-68190BC61B2A}.Release|Any CPU.Build.0 = Release|Any CPU
		{0AC36F4B-5207-4B6C-8E57-2D338CE30233}.Debug|Any CPU.ActiveCfg = Debug|Any CPU
		{0AC36F4B-5207-4B6C-8E57-2D338CE30233}.Debug|Any CPU.Build.0 = Debug|Any CPU
		{0AC36F4B-5207-4B6C-8E57-2D338CE30233}.Release|Any CPU.ActiveCfg = Release|Any CPU
		{0AC36F4B-5207-4B6C-8E57-2D338CE30233}.Release|Any CPU.Build.0 = Release|Any CPU
		{B7763274-C012-4574-924B-C63009A2688D}.Debug|Any CPU.ActiveCfg = Debug|Any CPU
		{B7763274-C012-4574-924B-C63009A2688D}.Debug|Any CPU.Build.0 = Debug|Any CPU
		{B7763274-C012-4574-924B-C63009A2688D}.Release|Any CPU.ActiveCfg = Release|Any CPU
		{B7763274-C012-4574-924B-C63009A2688D}.Release|Any CPU.Build.0 = Release|Any CPU
		{4770B5A6-D530-4557-92BF-4F96E6E8EE7B}.Debug|Any CPU.ActiveCfg = Debug|Any CPU
		{4770B5A6-D530-4557-92BF-4F96E6E8EE7B}.Debug|Any CPU.Build.0 = Debug|Any CPU
		{4770B5A6-D530-4557-92BF-4F96E6E8EE7B}.Release|Any CPU.ActiveCfg = Release|Any CPU
		{4770B5A6-D530-4557-92BF-4F96E6E8EE7B}.Release|Any CPU.Build.0 = Release|Any CPU
		{E597BE02-26F1-4864-BE3D-A57BC87F714C}.Debug|Any CPU.ActiveCfg = Debug|Any CPU
		{E597BE02-26F1-4864-BE3D-A57BC87F714C}.Debug|Any CPU.Build.0 = Debug|Any CPU
		{E597BE02-26F1-4864-BE3D-A57BC87F714C}.Release|Any CPU.ActiveCfg = Release|Any CPU
		{E597BE02-26F1-4864-BE3D-A57BC87F714C}.Release|Any CPU.Build.0 = Release|Any CPU
		{3B57C035-720C-4B48-BD27-E3020936CC7A}.Debug|Any CPU.ActiveCfg = Debug|Any CPU
		{3B57C035-720C-4B48-BD27-E3020936CC7A}.Debug|Any CPU.Build.0 = Debug|Any CPU
		{3B57C035-720C-4B48-BD27-E3020936CC7A}.Release|Any CPU.ActiveCfg = Release|Any CPU
		{3B57C035-720C-4B48-BD27-E3020936CC7A}.Release|Any CPU.Build.0 = Release|Any CPU
		{2BFDAD70-9988-408D-9CF4-3692D061A230}.Debug|Any CPU.ActiveCfg = Debug|Any CPU
		{2BFDAD70-9988-408D-9CF4-3692D061A230}.Debug|Any CPU.Build.0 = Debug|Any CPU
		{2BFDAD70-9988-408D-9CF4-3692D061A230}.Release|Any CPU.ActiveCfg = Release|Any CPU
		{2BFDAD70-9988-408D-9CF4-3692D061A230}.Release|Any CPU.Build.0 = Release|Any CPU
		{4E10E042-95E3-4814-A85E-8B822EFC74EE}.Debug|Any CPU.ActiveCfg = Debug|Any CPU
		{4E10E042-95E3-4814-A85E-8B822EFC74EE}.Debug|Any CPU.Build.0 = Debug|Any CPU
		{4E10E042-95E3-4814-A85E-8B822EFC74EE}.Release|Any CPU.ActiveCfg = Release|Any CPU
		{4E10E042-95E3-4814-A85E-8B822EFC74EE}.Release|Any CPU.Build.0 = Release|Any CPU
		{39375BCF-B947-4D51-97E1-98F982AF3380}.Debug|Any CPU.ActiveCfg = Debug|Any CPU
		{39375BCF-B947-4D51-97E1-98F982AF3380}.Debug|Any CPU.Build.0 = Debug|Any CPU
		{39375BCF-B947-4D51-97E1-98F982AF3380}.Release|Any CPU.ActiveCfg = Release|Any CPU
		{39375BCF-B947-4D51-97E1-98F982AF3380}.Release|Any CPU.Build.0 = Release|Any CPU
		{E7296A51-820F-44F5-AA51-A98978AF5829}.Debug|Any CPU.ActiveCfg = Debug|Any CPU
		{E7296A51-820F-44F5-AA51-A98978AF5829}.Debug|Any CPU.Build.0 = Debug|Any CPU
		{E7296A51-820F-44F5-AA51-A98978AF5829}.Release|Any CPU.ActiveCfg = Release|Any CPU
		{E7296A51-820F-44F5-AA51-A98978AF5829}.Release|Any CPU.Build.0 = Release|Any CPU
		{784338F4-2A14-4C44-868A-8597C124E156}.Debug|Any CPU.ActiveCfg = Debug|Any CPU
		{784338F4-2A14-4C44-868A-8597C124E156}.Debug|Any CPU.Build.0 = Debug|Any CPU
		{784338F4-2A14-4C44-868A-8597C124E156}.Release|Any CPU.ActiveCfg = Release|Any CPU
		{784338F4-2A14-4C44-868A-8597C124E156}.Release|Any CPU.Build.0 = Release|Any CPU
		{60991F8C-BB3C-456B-8BD6-340C05132BE6}.Debug|Any CPU.ActiveCfg = Debug|Any CPU
		{60991F8C-BB3C-456B-8BD6-340C05132BE6}.Debug|Any CPU.Build.0 = Debug|Any CPU
		{60991F8C-BB3C-456B-8BD6-340C05132BE6}.Release|Any CPU.ActiveCfg = Release|Any CPU
		{60991F8C-BB3C-456B-8BD6-340C05132BE6}.Release|Any CPU.Build.0 = Release|Any CPU
		{2712D0CE-344C-47F2-B5C8-89E350D5D6CD}.Debug|Any CPU.ActiveCfg = Debug|Any CPU
		{2712D0CE-344C-47F2-B5C8-89E350D5D6CD}.Debug|Any CPU.Build.0 = Debug|Any CPU
		{2712D0CE-344C-47F2-B5C8-89E350D5D6CD}.Release|Any CPU.ActiveCfg = Release|Any CPU
		{2712D0CE-344C-47F2-B5C8-89E350D5D6CD}.Release|Any CPU.Build.0 = Release|Any CPU
		{F32AE0D5-8D4F-4B38-A878-C806539DEE6E}.Debug|Any CPU.ActiveCfg = Debug|Any CPU
		{F32AE0D5-8D4F-4B38-A878-C806539DEE6E}.Debug|Any CPU.Build.0 = Debug|Any CPU
		{F32AE0D5-8D4F-4B38-A878-C806539DEE6E}.Release|Any CPU.ActiveCfg = Release|Any CPU
		{F32AE0D5-8D4F-4B38-A878-C806539DEE6E}.Release|Any CPU.Build.0 = Release|Any CPU
		{EAFF4B96-A17C-44CE-994D-BFF89F42D398}.Debug|Any CPU.ActiveCfg = Debug|Any CPU
		{EAFF4B96-A17C-44CE-994D-BFF89F42D398}.Debug|Any CPU.Build.0 = Debug|Any CPU
		{EAFF4B96-A17C-44CE-994D-BFF89F42D398}.Release|Any CPU.ActiveCfg = Release|Any CPU
		{EAFF4B96-A17C-44CE-994D-BFF89F42D398}.Release|Any CPU.Build.0 = Release|Any CPU
	EndGlobalSection
	GlobalSection(SolutionProperties) = preSolution
		HideSolutionNode = FALSE
	EndGlobalSection
	GlobalSection(NestedProjects) = preSolution
		{4A570A99-093D-4A0E-86CC-2DF8031A2FC5} = {6A8A9E0D-C766-47C3-ABDB-5A729CB1CFE5}
		{F58E6C86-3592-4829-8AF4-8A0113DA7DA8} = {6A8A9E0D-C766-47C3-ABDB-5A729CB1CFE5}
		{5FCA7C63-6E82-429D-BA27-E8599BDEB9A1} = {75BF8A66-3BB3-4A6F-99BA-2F0022071865}
		{ECB70BD7-2B02-4ECF-A7F1-D4B20ED06A4B} = {75BF8A66-3BB3-4A6F-99BA-2F0022071865}
		{560A3DDF-980E-495E-8768-0CEEA3928C90} = {7E286A6A-99CA-4951-BC45-8493CD65EDF3}
		{63C3750E-E8BF-4712-9878-C9ECF45DF85A} = {7E286A6A-99CA-4951-BC45-8493CD65EDF3}
		{62D63935-A621-4E1B-8601-9FA3CF977BCF} = {7E286A6A-99CA-4951-BC45-8493CD65EDF3}
		{478252A7-BA77-4F1F-B3CA-5FB06D0FC5C0} = {A33BB758-142B-4DF6-BF34-4B98D7BDD8F2}
		{BC2E2574-A7CD-4DA3-BE22-EEDAE4A5169F} = {A33BB758-142B-4DF6-BF34-4B98D7BDD8F2}
		{72BD5B03-9F67-44A6-B009-EE0CF4002E13} = {A33BB758-142B-4DF6-BF34-4B98D7BDD8F2}
		{043CD4A9-2D26-428F-85E0-1FA9E41F37FD} = {32F214BC-A674-4E54-A5CA-C3633EF7F936}
		{A02CE841-58AB-4B01-89E6-1888EDA0985B} = {32F214BC-A674-4E54-A5CA-C3633EF7F936}
		{6A8A9E0D-C766-47C3-ABDB-5A729CB1CFE5} = {0843447A-DBFD-4762-A6D8-63FDE91E95D3}
		{75BF8A66-3BB3-4A6F-99BA-2F0022071865} = {0843447A-DBFD-4762-A6D8-63FDE91E95D3}
		{7E286A6A-99CA-4951-BC45-8493CD65EDF3} = {0843447A-DBFD-4762-A6D8-63FDE91E95D3}
		{A33BB758-142B-4DF6-BF34-4B98D7BDD8F2} = {0843447A-DBFD-4762-A6D8-63FDE91E95D3}
		{32F214BC-A674-4E54-A5CA-C3633EF7F936} = {0843447A-DBFD-4762-A6D8-63FDE91E95D3}
		{0D763BFB-F4FB-4E98-9855-E0D45AADCF14} = {0843447A-DBFD-4762-A6D8-63FDE91E95D3}
		{C569F3B4-2170-42BF-8613-CDBE1282A516} = {0D763BFB-F4FB-4E98-9855-E0D45AADCF14}
		{92058D86-8268-4622-89F4-B3A98E60EED1} = {0D763BFB-F4FB-4E98-9855-E0D45AADCF14}
		{E64C5ED2-9EB6-4DB1-A988-225573D74838} = {0D763BFB-F4FB-4E98-9855-E0D45AADCF14}
		{F0FA3D28-ED30-4CDD-A767-A98080ADFD9F} = {0843447A-DBFD-4762-A6D8-63FDE91E95D3}
		{F710FD78-04B3-42EE-92DF-F6CE9247D171} = {F0FA3D28-ED30-4CDD-A767-A98080ADFD9F}
		{D90547A0-02A0-4DBB-93A8-68190BC61B2A} = {F0FA3D28-ED30-4CDD-A767-A98080ADFD9F}
		{0AC36F4B-5207-4B6C-8E57-2D338CE30233} = {F0FA3D28-ED30-4CDD-A767-A98080ADFD9F}
		{B7763274-C012-4574-924B-C63009A2688D} = {F0FA3D28-ED30-4CDD-A767-A98080ADFD9F}
		{4770B5A6-D530-4557-92BF-4F96E6E8EE7B} = {F0FA3D28-ED30-4CDD-A767-A98080ADFD9F}
		{36970C7B-C7E5-4C24-80A2-6702DAD22238} = {0843447A-DBFD-4762-A6D8-63FDE91E95D3}
		{E597BE02-26F1-4864-BE3D-A57BC87F714C} = {36970C7B-C7E5-4C24-80A2-6702DAD22238}
		{3B57C035-720C-4B48-BD27-E3020936CC7A} = {36970C7B-C7E5-4C24-80A2-6702DAD22238}
		{2BFDAD70-9988-408D-9CF4-3692D061A230} = {36970C7B-C7E5-4C24-80A2-6702DAD22238}
		{42DF9908-8989-4D89-BB0A-2CD6E6888C7F} = {0843447A-DBFD-4762-A6D8-63FDE91E95D3}
		{4E10E042-95E3-4814-A85E-8B822EFC74EE} = {42DF9908-8989-4D89-BB0A-2CD6E6888C7F}
		{39375BCF-B947-4D51-97E1-98F982AF3380} = {42DF9908-8989-4D89-BB0A-2CD6E6888C7F}
		{E7296A51-820F-44F5-AA51-A98978AF5829} = {42DF9908-8989-4D89-BB0A-2CD6E6888C7F}
		{784338F4-2A14-4C44-868A-8597C124E156} = {EC55FA0A-33DF-4BF2-BA82-6521C80B5F4E}
		{EC55FA0A-33DF-4BF2-BA82-6521C80B5F4E} = {0843447A-DBFD-4762-A6D8-63FDE91E95D3}
		{60991F8C-BB3C-456B-8BD6-340C05132BE6} = {EC55FA0A-33DF-4BF2-BA82-6521C80B5F4E}
		{2712D0CE-344C-47F2-B5C8-89E350D5D6CD} = {EC55FA0A-33DF-4BF2-BA82-6521C80B5F4E}
		{F32AE0D5-8D4F-4B38-A878-C806539DEE6E} = {13869C2B-A7A0-44AB-A19B-86C6C4F72FBA}
		{EAFF4B96-A17C-44CE-994D-BFF89F42D398} = {A6472B30-8097-43E2-9D46-2ACC2AE5C97D}
	EndGlobalSection
	GlobalSection(ExtensibilityGlobals) = postSolution
		SolutionGuid = {38B2CEA1-7FE2-4C5B-9FC7-64E9EAC4B79B}
	EndGlobalSection
EndGlobal
